Microsoft Visual Studio Solution File, Format Version 12.00
# Visual Studio Version 17
VisualStudioVersion = 17.5.2.0
MinimumVisualStudioVersion = 10.0.40219.1
Project("{FAE04EC0-301F-11D3-BF4B-00C04F79EFBC}") = "DatabricksOAuthDemo", "DatabricksOAuthDemo.csproj", "{752C688E-A3C5-DA77-1966-02E5CC6CDB42}"
EndProject
Global
	GlobalSection(SolutionConfigurationPlatforms) = preSolution
		Debug|Any CPU = Debug|Any CPU
		Release|Any CPU = Release|Any CPU
	EndGlobalSection
	GlobalSection(ProjectConfigurationPlatforms) = postSolution
		{752C688E-A3C5-DA77-1966-02E5CC6CDB42}.Debug|Any CPU.ActiveCfg = Debug|Any CPU
		{752C688E-A3C5-DA77-1966-02E5CC6CDB42}.Debug|Any CPU.Build.0 = Debug|Any CPU
		{752C688E-A3C5-DA77-1966-02E5CC6CDB42}.Release|Any CPU.ActiveCfg = Release|Any CPU
		{752C688E-A3C5-DA77-1966-02E5CC6CDB42}.Release|Any CPU.Build.0 = Release|Any CPU
	EndGlobalSection
	GlobalSection(SolutionProperties) = preSolution
		HideSolutionNode = FALSE
	EndGlobalSection
	GlobalSection(ExtensibilityGlobals) = postSolution
		SolutionGuid = {B49A9FCE-1A7B-487A-BE6D-922A5EB27B58}
	EndGlobalSection
EndGlobal
